{
  "version": 4,
  "terraform_version": "1.14.6",
  "serial": 6,
  "lineage": "75677a57-701a-8522-6f6a-bd4111b00e77",
  "outputs": {},
  "resources": [
    {
      "mode": "managed",
      "type": "local_file",
      "name": "test_file",
      "provider": "provider[\"registry.terraform.io/hashicorp/local\"]",
      "instances": [
        {
          "schema_version": 0,
          "attributes": {
            "content": "Hello depuis Terraform (mais update pour l'étape 2) !",
            "content_base64": null,
            "content_base64sha256": "7JiQRF4YIBRCNex4U3swOCf+fC9fztAsjnfiFPOVWu4=",
            "content_base64sha512": "k50qj9tgdQnq0+WPO4I7ia0F9wfyBGBCtQiFjF8Bu6yYxK6yOoc5tUspSOFn/JGUOiavhJpozR0/AMfxG4/G2w==",
            "content_md5": "c1f0fb9e408929b59d17ec5fb6ca3daf",
            "content_sha1": "ec6212b9b298962109797144d0ddaaae02332747",
            "content_sha256": "ec9890445e1820144235ec78537b303827fe7c2f5fced02c8e77e214f3955aee",
            "content_sha512": "939d2a8fdb607509ead3e58f3b823b89ad05f707f2046042b508858c5f01bbac98c4aeb23a8739b54b2948e167fc91943a26af849a68cd1d3f00c7f11b8fc6db",
            "directory_permission": "0777",
            "file_permission": "0777",
            "filename": "./hello.txt",
            "id": "ec6212b9b298962109797144d0ddaaae02332747",
            "sensitive_content": null,
            "source": null
          },
          "sensitive_attributes": [
            [
              {
                "type": "get_attr",
                "value": "sensitive_content"
              }
            ]
          ],
          "identity_schema_version": 0
        }
      ]
    },
    {
      "mode": "managed",
      "type": "null_resource",
      "name": "example",
      "provider": "provider[\"registry.terraform.io/hashicorp/null\"]",
      "instances": [
        {
          "schema_version": 0,
          "attributes": {
            "id": "61055357",
            "triggers": null
          },
          "sensitive_attributes": [],
          "identity_schema_version": 0
        }
      ]
    }
  ],
  "check_results": null
}
