{
  "version": 4,
  "terraform_version": "1.14.6",
  "serial": 1,
  "lineage": "75677a57-701a-8522-6f6a-bd4111b00e77",
  "outputs": {},
  "resources": [
    {
      "mode": "managed",
      "type": "local_file",
      "name": "test_file",
      "provider": "provider[\"registry.terraform.io/hashicorp/local\"]",
      "instances": [
        {
          "schema_version": 0,
          "attributes": {
            "content": "Hello depuis Terraform !",
            "content_base64": null,
            "content_base64sha256": "Q4GA/CHZ6CyaVBkksLl6ko1P98YIkMj0GPVVbiXU+l8=",
            "content_base64sha512": "RoX6174JXWjPcI0dK/qjxsWwJrGU6L/t3V4DXdwaO+EyPN7gDL8qCvY0uC+pFWhkRq9qRGkjDA2wb9QVKlGbdQ==",
            "content_md5": "c4074cb47eff2e80e40e4585bbda0927",
            "content_sha1": "d65ede03a296cbea0d4cda5b7413f5e1348df685",
            "content_sha256": "438180fc21d9e82c9a541924b0b97a928d4ff7c60890c8f418f5556e25d4fa5f",
            "content_sha512": "4685fad7be095d68cf708d1d2bfaa3c6c5b026b194e8bfeddd5e035ddc1a3be1323cdee00cbf2a0af634b82fa915686446af6a4469230c0db06fd4152a519b75",
            "directory_permission": "0777",
            "file_permission": "0777",
            "filename": "./hello.txt",
            "id": "d65ede03a296cbea0d4cda5b7413f5e1348df685",
            "sensitive_content": null,
            "source": null
          },
          "sensitive_attributes": [
            [
              {
                "type": "get_attr",
                "value": "sensitive_content"
              }
            ]
          ],
          "identity_schema_version": 0
        }
      ]
    }
  ],
  "check_results": null
}
