{
  "version": 4,
  "terraform_version": "1.14.6",
  "serial": 477,
  "lineage": "75677a57-701a-8522-6f6a-bd4111b00e77",
  "outputs": {
    "nginx_container_id": {
      "value": "c1535b5dbab2dd82a47c9e1ea1918f38b1f0ebdbeeaf8398772b1a59e944e0ee",
      "type": "string"
    }
  },
  "resources": [
    {
      "mode": "managed",
      "type": "aws_s3_bucket",
      "name": "demo_bucket",
      "provider": "provider[\"registry.terraform.io/hashicorp/aws\"]",
      "instances": [
        {
          "schema_version": 0,
          "attributes": {
            "acceleration_status": "",
            "acl": null,
            "arn": "arn:aws:s3:::my-bucket",
            "bucket": "my-bucket",
            "bucket_domain_name": "my-bucket.s3.amazonaws.com",
            "bucket_namespace": "global",
            "bucket_prefix": "",
            "bucket_region": "us-east-1",
            "bucket_regional_domain_name": "my-bucket.s3.us-east-1.amazonaws.com",
            "cors_rule": [],
            "force_destroy": false,
            "grant": [
              {
                "id": "000000000000",
                "permissions": [
                  "FULL_CONTROL"
                ],
                "type": "CanonicalUser",
                "uri": ""
              }
            ],
            "hosted_zone_id": "Z3AQBSTGFYJSTF",
            "id": "my-bucket",
            "lifecycle_rule": [],
            "logging": [],
            "object_lock_configuration": [
              {
                "object_lock_enabled": "Enabled",
                "rule": []
              }
            ],
            "object_lock_enabled": true,
            "policy": "",
            "region": "us-east-1",
            "replication_configuration": [
              {
                "role": null,
                "rules": []
              }
            ],
            "request_payer": "",
            "server_side_encryption_configuration": [],
            "tags": {},
            "tags_all": {},
            "timeouts": null,
            "versioning": [
              {
                "enabled": true,
                "mfa_delete": false
              }
            ],
            "website": [],
            "website_domain": null,
            "website_endpoint": null
          },
          "sensitive_attributes": [],
          "identity_schema_version": 0,
          "identity": {
            "account_id": "",
            "bucket": "my-bucket",
            "region": "us-east-1"
          },
          "private": "eyJlMmJmYjczMC1lY2FhLTExZTYtOGY4OC0zNDM2M2JjN2M0YzAiOnsiY3JlYXRlIjoxMjAwMDAwMDAwMDAwLCJkZWxldGUiOjM2MDAwMDAwMDAwMDAsInJlYWQiOjEyMDAwMDAwMDAwMDAsInVwZGF0ZSI6MTIwMDAwMDAwMDAwMH19"
        }
      ]
    },
    {
      "mode": "managed",
      "type": "aws_s3_bucket_versioning",
      "name": "demo_bucket_versioning",
      "provider": "provider[\"registry.terraform.io/hashicorp/aws\"]",
      "instances": [
        {
          "schema_version": 0,
          "attributes": {
            "bucket": "my-bucket",
            "expected_bucket_owner": "",
            "id": "my-bucket",
            "mfa": null,
            "region": "us-east-1",
            "versioning_configuration": [
              {
                "mfa_delete": "",
                "status": "Enabled"
              }
            ]
          },
          "sensitive_attributes": [],
          "identity_schema_version": 1,
          "identity": {
            "account_id": "",
            "bucket": "my-bucket",
            "region": "us-east-1"
          },
          "private": "bnVsbA==",
          "dependencies": [
            "aws_s3_bucket.demo_bucket"
          ]
        }
      ]
    },
    {
      "mode": "managed",
      "type": "aws_s3_object",
      "name": "demo_object",
      "provider": "provider[\"registry.terraform.io/hashicorp/aws\"]",
      "instances": [
        {
          "schema_version": 0,
          "attributes": {
            "acl": null,
            "arn": "arn:aws:s3:::my-bucket/hello-world.txt",
            "bucket": "my-bucket",
            "bucket_key_enabled": false,
            "cache_control": "",
            "checksum_algorithm": null,
            "checksum_crc32": "",
            "checksum_crc32c": "",
            "checksum_crc64nvme": "",
            "checksum_sha1": "",
            "checksum_sha256": "",
            "content": null,
            "content_base64": null,
            "content_disposition": "",
            "content_encoding": "",
            "content_language": "",
            "content_type": "application/octet-stream",
            "etag": "d1f8ceb565d82492446592817082851b",
            "force_destroy": false,
            "id": "my-bucket/hello-world.txt",
            "key": "hello-world.txt",
            "kms_key_id": null,
            "metadata": {},
            "object_lock_legal_hold_status": "",
            "object_lock_mode": "",
            "object_lock_retain_until_date": "",
            "override_provider": [],
            "region": "us-east-1",
            "server_side_encryption": "",
            "source": "./test-file.txt",
            "source_hash": null,
            "storage_class": "STANDARD",
            "tags": {},
            "tags_all": {},
            "version_id": "",
            "website_redirect": ""
          },
          "sensitive_attributes": [],
          "identity_schema_version": 0,
          "identity": {
            "account_id": "",
            "bucket": "my-bucket",
            "key": "hello-world.txt",
            "region": "us-east-1"
          },
          "private": "bnVsbA==",
          "dependencies": [
            "aws_s3_bucket.demo_bucket"
          ]
        }
      ]
    },
    {
      "mode": "managed",
      "type": "docker_container",
      "name": "client",
      "provider": "provider[\"registry.terraform.io/kreuzwerker/docker\"]",
      "instances": [
        {
          "index_key": "server-1",
          "schema_version": 2,
          "attributes": {
            "attach": false,
            "bridge": "",
            "capabilities": [],
            "cgroupns_mode": null,
            "command": [
              "sh",
              "-c",
              "curl -fsSL http://nginx:80 \u0026\u0026 sleep 30"
            ],
            "container_logs": null,
            "container_read_refresh_timeout_milliseconds": 15000,
            "cpu_set": "",
            "cpu_shares": 0,
            "cpus": null,
            "destroy_grace_seconds": null,
            "devices": [],
            "dns": null,
            "dns_opts": null,
            "dns_search": null,
            "domainname": "",
            "entrypoint": [
              "/entrypoint.sh"
            ],
            "env": [],
            "exit_code": null,
            "gpus": null,
            "group_add": null,
            "healthcheck": null,
            "host": [],
            "hostname": "a3a5efccd37b",
            "id": "a3a5efccd37b5d910f1100e172d1cab150f87d3fda5b938e8f884fb85fe31cc0",
            "image": "sha256:c8bf5bbec6397465a247c2bb3e589bb77e4f62ff88a027175ecb2d9e4f12c9d7",
            "init": false,
            "ipc_mode": "private",
            "labels": [],
            "log_driver": "json-file",
            "log_opts": null,
            "logs": false,
            "max_retry_count": 0,
            "memory": 0,
            "memory_swap": 0,
            "mounts": [],
            "must_run": true,
            "name": "client-server-1",
            "network_data": [
              {
                "gateway": "172.19.0.1",
                "global_ipv6_address": "",
                "global_ipv6_prefix_length": 0,
                "ip_address": "172.19.0.3",
                "ip_prefix_length": 16,
                "ipv6_gateway": "",
                "mac_address": "ee:e5:51:6f:8e:bd",
                "network_name": "private_network"
              }
            ],
            "network_mode": "bridge",
            "networks_advanced": [
              {
                "aliases": [],
                "ipv4_address": "",
                "ipv6_address": "",
                "name": "d487e81f3ec1dead1527c004a59d77761f8427f238ea71135dfcec2e008a3139"
              }
            ],
            "pid_mode": "",
            "ports": [],
            "privileged": false,
            "publish_all_ports": false,
            "read_only": false,
            "remove_volumes": true,
            "restart": "no",
            "rm": false,
            "runtime": "runc",
            "security_opts": [],
            "shm_size": 64,
            "start": true,
            "stdin_open": false,
            "stop_signal": "",
            "stop_timeout": 0,
            "storage_opts": null,
            "sysctls": null,
            "tmpfs": null,
            "tty": false,
            "ulimit": [],
            "upload": [],
            "user": "",
            "userns_mode": "",
            "volumes": [],
            "wait": false,
            "wait_timeout": 60,
            "working_dir": ""
          },
          "sensitive_attributes": [],
          "identity_schema_version": 0,
          "private": "eyJzY2hlbWFfdmVyc2lvbiI6IjIifQ==",
          "dependencies": [
            "docker_container.nginx",
            "docker_image.curl",
            "docker_image.nginx",
            "docker_network.private_network"
          ]
        },
        {
          "index_key": "server-2",
          "schema_version": 2,
          "attributes": {
            "attach": false,
            "bridge": "",
            "capabilities": [],
            "cgroupns_mode": null,
            "command": [
              "sh",
              "-c",
              "curl -fsSL http://nginx:80 \u0026\u0026 sleep 30"
            ],
            "container_logs": null,
            "container_read_refresh_timeout_milliseconds": 15000,
            "cpu_set": "",
            "cpu_shares": 0,
            "cpus": null,
            "destroy_grace_seconds": null,
            "devices": [],
            "dns": null,
            "dns_opts": null,
            "dns_search": null,
            "domainname": "",
            "entrypoint": [
              "/entrypoint.sh"
            ],
            "env": [],
            "exit_code": null,
            "gpus": null,
            "group_add": null,
            "healthcheck": null,
            "host": [],
            "hostname": "bc0c6d8b99b9",
            "id": "bc0c6d8b99b97d0f8260f00c055d5097497bf1ba867a61e56be12f0e1e981cfc",
            "image": "sha256:c8bf5bbec6397465a247c2bb3e589bb77e4f62ff88a027175ecb2d9e4f12c9d7",
            "init": false,
            "ipc_mode": "private",
            "labels": [],
            "log_driver": "json-file",
            "log_opts": null,
            "logs": false,
            "max_retry_count": 0,
            "memory": 0,
            "memory_swap": 0,
            "mounts": [],
            "must_run": true,
            "name": "client-server-2",
            "network_data": [
              {
                "gateway": "172.19.0.1",
                "global_ipv6_address": "",
                "global_ipv6_prefix_length": 0,
                "ip_address": "172.19.0.4",
                "ip_prefix_length": 16,
                "ipv6_gateway": "",
                "mac_address": "52:fb:78:98:15:75",
                "network_name": "private_network"
              }
            ],
            "network_mode": "bridge",
            "networks_advanced": [
              {
                "aliases": [],
                "ipv4_address": "",
                "ipv6_address": "",
                "name": "d487e81f3ec1dead1527c004a59d77761f8427f238ea71135dfcec2e008a3139"
              }
            ],
            "pid_mode": "",
            "ports": [],
            "privileged": false,
            "publish_all_ports": false,
            "read_only": false,
            "remove_volumes": true,
            "restart": "no",
            "rm": false,
            "runtime": "runc",
            "security_opts": [],
            "shm_size": 64,
            "start": true,
            "stdin_open": false,
            "stop_signal": "",
            "stop_timeout": 0,
            "storage_opts": null,
            "sysctls": null,
            "tmpfs": null,
            "tty": false,
            "ulimit": [],
            "upload": [],
            "user": "",
            "userns_mode": "",
            "volumes": [],
            "wait": false,
            "wait_timeout": 60,
            "working_dir": ""
          },
          "sensitive_attributes": [],
          "identity_schema_version": 0,
          "private": "eyJzY2hlbWFfdmVyc2lvbiI6IjIifQ==",
          "dependencies": [
            "docker_container.nginx",
            "docker_image.curl",
            "docker_image.nginx",
            "docker_network.private_network"
          ]
        },
        {
          "index_key": "server-x",
          "schema_version": 2,
          "attributes": {
            "attach": false,
            "bridge": "",
            "capabilities": [],
            "cgroupns_mode": null,
            "command": [
              "sh",
              "-c",
              "curl -fsSL http://nginx:80 \u0026\u0026 sleep 30"
            ],
            "container_logs": null,
            "container_read_refresh_timeout_milliseconds": 15000,
            "cpu_set": "",
            "cpu_shares": 0,
            "cpus": null,
            "destroy_grace_seconds": null,
            "devices": [],
            "dns": null,
            "dns_opts": null,
            "dns_search": null,
            "domainname": "",
            "entrypoint": [
              "/entrypoint.sh"
            ],
            "env": [],
            "exit_code": null,
            "gpus": null,
            "group_add": null,
            "healthcheck": null,
            "host": [],
            "hostname": "eb27225a1104",
            "id": "eb27225a11040acdf79cdd1a4514a88195833ca1c02caf46d3a2bb683db05727",
            "image": "sha256:c8bf5bbec6397465a247c2bb3e589bb77e4f62ff88a027175ecb2d9e4f12c9d7",
            "init": false,
            "ipc_mode": "private",
            "labels": [],
            "log_driver": "json-file",
            "log_opts": null,
            "logs": false,
            "max_retry_count": 0,
            "memory": 0,
            "memory_swap": 0,
            "mounts": [],
            "must_run": true,
            "name": "client-server-x",
            "network_data": [
              {
                "gateway": "172.19.0.1",
                "global_ipv6_address": "",
                "global_ipv6_prefix_length": 0,
                "ip_address": "172.19.0.5",
                "ip_prefix_length": 16,
                "ipv6_gateway": "",
                "mac_address": "ee:2d:38:74:c5:cc",
                "network_name": "private_network"
              }
            ],
            "network_mode": "bridge",
            "networks_advanced": [
              {
                "aliases": [],
                "ipv4_address": "",
                "ipv6_address": "",
                "name": "d487e81f3ec1dead1527c004a59d77761f8427f238ea71135dfcec2e008a3139"
              }
            ],
            "pid_mode": "",
            "ports": [],
            "privileged": false,
            "publish_all_ports": false,
            "read_only": false,
            "remove_volumes": true,
            "restart": "no",
            "rm": false,
            "runtime": "runc",
            "security_opts": [],
            "shm_size": 64,
            "start": true,
            "stdin_open": false,
            "stop_signal": "",
            "stop_timeout": 0,
            "storage_opts": null,
            "sysctls": null,
            "tmpfs": null,
            "tty": false,
            "ulimit": [],
            "upload": [],
            "user": "",
            "userns_mode": "",
            "volumes": [],
            "wait": false,
            "wait_timeout": 60,
            "working_dir": ""
          },
          "sensitive_attributes": [],
          "identity_schema_version": 0,
          "private": "eyJzY2hlbWFfdmVyc2lvbiI6IjIifQ==",
          "dependencies": [
            "docker_container.nginx",
            "docker_image.curl",
            "docker_image.nginx",
            "docker_network.private_network"
          ]
        }
      ]
    },
    {
      "mode": "managed",
      "type": "docker_container",
      "name": "nginx",
      "provider": "provider[\"registry.terraform.io/kreuzwerker/docker\"]",
      "instances": [
        {
          "schema_version": 2,
          "attributes": {
            "attach": false,
            "bridge": "",
            "capabilities": [],
            "cgroupns_mode": null,
            "command": [
              "nginx",
              "-g",
              "daemon off;"
            ],
            "container_logs": null,
            "container_read_refresh_timeout_milliseconds": 15000,
            "cpu_set": "",
            "cpu_shares": 0,
            "cpus": null,
            "destroy_grace_seconds": null,
            "devices": [],
            "dns": [],
            "dns_opts": [],
            "dns_search": [],
            "domainname": "",
            "entrypoint": [
              "/docker-entrypoint.sh"
            ],
            "env": [],
            "exit_code": null,
            "gpus": null,
            "group_add": [],
            "healthcheck": [],
            "host": [],
            "hostname": "nginx",
            "id": "c1535b5dbab2dd82a47c9e1ea1918f38b1f0ebdbeeaf8398772b1a59e944e0ee",
            "image": "sha256:553f64aecdc31b5bf944521731cd70e35da4faed96b2b7548a3d8e2598c52a42",
            "init": false,
            "ipc_mode": "private",
            "labels": [],
            "log_driver": "json-file",
            "log_opts": {},
            "logs": false,
            "max_retry_count": 0,
            "memory": 0,
            "memory_swap": 0,
            "mounts": [],
            "must_run": true,
            "name": "nginx-terraform",
            "network_data": [
              {
                "gateway": "172.19.0.1",
                "global_ipv6_address": "",
                "global_ipv6_prefix_length": 0,
                "ip_address": "172.19.0.2",
                "ip_prefix_length": 16,
                "ipv6_gateway": "",
                "mac_address": "72:79:f1:ee:2b:87",
                "network_name": "private_network"
              }
            ],
            "network_mode": "bridge",
            "networks_advanced": [
              {
                "aliases": [],
                "ipv4_address": "",
                "ipv6_address": "",
                "name": "d487e81f3ec1dead1527c004a59d77761f8427f238ea71135dfcec2e008a3139"
              }
            ],
            "pid_mode": "",
            "ports": [
              {
                "external": 8080,
                "internal": 80,
                "ip": "0.0.0.0",
                "protocol": "tcp"
              }
            ],
            "privileged": false,
            "publish_all_ports": false,
            "read_only": false,
            "remove_volumes": true,
            "restart": "no",
            "rm": false,
            "runtime": "runc",
            "security_opts": [],
            "shm_size": 64,
            "start": true,
            "stdin_open": false,
            "stop_signal": "SIGQUIT",
            "stop_timeout": 0,
            "storage_opts": {},
            "sysctls": {},
            "tmpfs": {},
            "tty": false,
            "ulimit": [],
            "upload": [],
            "user": "",
            "userns_mode": "",
            "volumes": [],
            "wait": false,
            "wait_timeout": 60,
            "working_dir": ""
          },
          "sensitive_attributes": [],
          "identity_schema_version": 0,
          "private": "eyJzY2hlbWFfdmVyc2lvbiI6IjIifQ==",
          "dependencies": [
            "docker_image.nginx",
            "docker_network.private_network"
          ]
        }
      ]
    },
    {
      "mode": "managed",
      "type": "docker_image",
      "name": "curl",
      "provider": "provider[\"registry.terraform.io/kreuzwerker/docker\"]",
      "instances": [
        {
          "schema_version": 0,
          "attributes": {
            "build": [],
            "force_remove": null,
            "id": "sha256:c8bf5bbec6397465a247c2bb3e589bb77e4f62ff88a027175ecb2d9e4f12c9d7appropriate/curl",
            "image_id": "sha256:c8bf5bbec6397465a247c2bb3e589bb77e4f62ff88a027175ecb2d9e4f12c9d7",
            "keep_locally": true,
            "name": "appropriate/curl",
            "platform": null,
            "pull_triggers": null,
            "repo_digest": "appropriate/curl@sha256:c8bf5bbec6397465a247c2bb3e589bb77e4f62ff88a027175ecb2d9e4f12c9d7",
            "timeouts": null,
            "triggers": null
          },
          "sensitive_attributes": [],
          "identity_schema_version": 0,
          "private": "eyJlMmJmYjczMC1lY2FhLTExZTYtOGY4OC0zNDM2M2JjN2M0YzAiOnsiY3JlYXRlIjoxMjAwMDAwMDAwMDAwLCJkZWxldGUiOjEyMDAwMDAwMDAwMDAsInVwZGF0ZSI6MTIwMDAwMDAwMDAwMH19"
        }
      ]
    },
    {
      "mode": "managed",
      "type": "docker_image",
      "name": "nginx",
      "provider": "provider[\"registry.terraform.io/kreuzwerker/docker\"]",
      "instances": [
        {
          "schema_version": 0,
          "attributes": {
            "build": [],
            "force_remove": null,
            "id": "sha256:553f64aecdc31b5bf944521731cd70e35da4faed96b2b7548a3d8e2598c52a42nginx:latest",
            "image_id": "sha256:553f64aecdc31b5bf944521731cd70e35da4faed96b2b7548a3d8e2598c52a42",
            "keep_locally": true,
            "name": "nginx:latest",
            "platform": null,
            "pull_triggers": null,
            "repo_digest": "nginx@sha256:553f64aecdc31b5bf944521731cd70e35da4faed96b2b7548a3d8e2598c52a42",
            "timeouts": null,
            "triggers": null
          },
          "sensitive_attributes": [],
          "identity_schema_version": 0,
          "private": "eyJlMmJmYjczMC1lY2FhLTExZTYtOGY4OC0zNDM2M2JjN2M0YzAiOnsiY3JlYXRlIjoxMjAwMDAwMDAwMDAwLCJkZWxldGUiOjEyMDAwMDAwMDAwMDAsInVwZGF0ZSI6MTIwMDAwMDAwMDAwMH19"
        }
      ]
    },
    {
      "mode": "managed",
      "type": "docker_network",
      "name": "private_network",
      "provider": "provider[\"registry.terraform.io/kreuzwerker/docker\"]",
      "instances": [
        {
          "schema_version": 1,
          "attributes": {
            "attachable": false,
            "check_duplicate": null,
            "driver": "bridge",
            "id": "d487e81f3ec1dead1527c004a59d77761f8427f238ea71135dfcec2e008a3139",
            "ingress": false,
            "internal": false,
            "ipam_config": [
              {
                "aux_address": {},
                "gateway": "172.19.0.1",
                "ip_range": "",
                "subnet": "172.19.0.0/16"
              }
            ],
            "ipam_driver": "default",
            "ipam_options": {},
            "ipv6": false,
            "labels": [],
            "name": "private_network",
            "options": {
              "com.docker.network.enable_ipv4": "true",
              "com.docker.network.enable_ipv6": "false"
            },
            "scope": "local"
          },
          "sensitive_attributes": [],
          "identity_schema_version": 0,
          "private": "eyJzY2hlbWFfdmVyc2lvbiI6IjEifQ=="
        }
      ]
    },
    {
      "mode": "managed",
      "type": "local_file",
      "name": "private_key",
      "provider": "provider[\"registry.terraform.io/hashicorp/local\"]",
      "instances": [
        {
          "schema_version": 0,
          "attributes": {
            "content": "-----BEGIN RSA PRIVATE KEY-----\nMIIJKQIBAAKCAgEAyeDnJKyivDhBm6EDtz/Auf6M6oQUhgN80ivXmFE3YOH1f9LD\nsQwAwCCYkvYl7pq520ThiD03cl6K8sLOchcBLWMxuDPaBqo7hObVPjqgviBrfSD6\nnZj56F5BaZXiY0y0FwTPJ3BKLaHEFPKCkN7TTGDBO7L3UbcXUiPV77GpuWgXFGA9\niHzfL4jXk3KQpceXUXnLqMSg3ZuP3XRFyFZrDHe4fLUdwh1kJZFG3y5c8AuAVheg\nabgdRSlCHw5nyVmZy74W7n31ePwKn4VIJLbEZK7p13KLPJeaM2QLrABBuLqJWg4p\nQ42rT/oKAiQe6BYh/XKR1HfZlJbCX8Ye8OtG9VaeFXlA9co/aVtpuPhCqXjC8jDT\nbRaEFRm2DSuy9NP2JHpJNk1PZe3cARrY++Nc3KlZxcLNprqN+tgzJ0FFG1/Bmv9M\nvGfMUH9mNm8sOpycf7FYn4M/tV2+THhs2BcXgM1Xl1dGI15S/04b7k89lFf1ZE9K\n2Mf4ThABB6FYHybFMI8j8vehxX9CMc5kGmKupxeGLd+sghaYA7cprhVt6nTfSOlC\nReEUAC+GzlYOQjUJ/fO910KlX2Ni7ZSqOI3Puu36FG0aUCOFEpJK3lhrAa+b/SwP\nPj0uKjww9ShHGP9SC5w9H2xhjqUSfHKoP5IrrvzC0NyNRZR3NdR8zrpgxv0CAwEA\nAQKCAgACZ4/5PnRcKSnG48UUKRZvk+bNYeNb5HpXh1D0rhfEKwzUh+5V+bgGK2oF\n0UuKxJ1s5vlUuReKLWW0SVO4kin5oDijlaKFxjNNSVgsevnjkD+xG6dAh0whIDZH\npRLJCGanIe+7UlNGQqrMoRLWQBrK/YAJT2YyVMVaihvubfK0LaQ3Ih2GUA5y4rHG\npNLj1pvCMa3JhdLXF0pAYs+N+LfvskfCD7PNPLJiEpGCIp6ixIOAnJyhhbrh684V\nnQNP2tkoTxkdoBlAM3Ug70je5XpmkWeU1F1wmR54eQf89XsGHnRFj7oE5V2vM/tr\nvE7N7uDBKkMuzhQ+XwlTpxvcb/Qsl7LzL6yYBAgDcKDigylAzqXfdzZLkk4nQUw6\nOdIdUiPa0M1UfFQ+B44qEpOaUze4J12LF1SEungLE/iCTuhh0mtj1AgM2S4ODK2P\nMBRjCWd0XHN7PaMy4Eh/xH4VW9s9J25xPIbm1m4hKguPaDc1Zy45lZAurpHTnn2W\nTbFVmywKurI6iLj4lvI1wOWOr2ykx+xG+oWMK5ikYYkwvwSVfRo6M0Til/4ewjDD\nxclwt+JHULuNp++bJrK1YKxLrncv70IM6494ImGSr3PaGMtl4YoxFbjYuHDEVnu6\noYZGnZ/55CUK03yS23RsYBdzq9d8fWy04eJ6VsFotj9yKgZG4QKCAQEA3gNAsZkt\n+Jhvh1FCthMUbThuL2vRVliaAk46JX3ofs0o6DYBbcH67Pdqm3PLYojmikPY8/Ik\ndBcQNZp9xYtXndJVKnr7awFnfnp59cNkO8MKRekiGmnupcNvnp+Fs7X0duzeq86s\nnHIcsKLCsWPaopqxGklZTZdzeK12UGqDc/r9ak1nenf/mwXTP7thjrkyyLFxCpkZ\nBh4Bpq4lXZxeNqlLfWWBEycC/EYSFzOii6IveOmJb2er/oLlOGcLyMrk8KlbXLsW\n65+RiDi3xOfVCdcKyS1IaurtV0lbxKvn7Kp0Si8BOyWEKz4l2kDb2+rWLIJP7fw3\niWm0smlErO3/FQKCAQEA6MiV3uGJTYsTl4O40WGjYFLKv/VKFxocwWOmzOaOLyAk\newFFg41uewZK01OT7ovjAbwc7WtlOQcaHj0jJfgZSYGnwEOG/tuPfpbn8rHd/WJb\nitblZax7hmbO4fvwnMYHjydnN2RB6eZD9bepOwAW+1SLyn9qxGT9YZsQNSvBcZO5\n8+vaFRogK9xgr8/BGS4fcdZYFedNqnqr4rWvnEseJ1jqf+ezqOUzJRxHcdBKnZmn\n1+E6pLeKGnnRVgHckKeyfXv0SeX7JzOI96kXWA5l/n1QVxlOAxlVJWyDh6VguWN4\nUnhzJ8og5gcHpvS/1gNYapZ1Ma3GmqXIm7HvwqliSQKCAQBRoX6LDpiRnHL9nUpb\nKh7LngEdnJYnGoLeMCc/G9F9ti/BWgIiej2qHbrsF6KDw3SJCDNgVvtCWCyUmQ5/\nsSFxHSJFcVy6VpTYM25eiA51ztwbIoJwldyyxG5pM5x0nIWbqLKjF2XuTCLya5YM\npXuBaEGQOcIFPpetmpIzNUbKQVImYPmYVUD9niGzgFF5qezbUCsRS4Og9S2EPOnu\nRo15qbvhCo5wHVsCqT0DnO+6SdMMsUngVY0vEq/3kiQKG1gciRjXus7NqilXngsr\n8lYpvRDxMZ47+c901btRUCgBpBcII8pfFgdH4x0F5+0vKmS/jtaW2bMN6nkPVJd0\nwjmVAoIBAQDOXFOQHDxOA8bAgMMsyvO8hmi6t0aRKFLpld/esVzGpiXw7XWkY5LX\neQKISQVRaa06cnrqdlRrs8IRoH0yQbiZE1mU9cgM0rNos3q4CboT0Ef60vrVoYx3\n31fzuhbZxCwbWgEEd9p+8eS5RbG+XhwBfjfWshICPMzq5D4ABOQePamRdToFjv2K\nJHmKIhC6s8qobi30bPLK+Ki79/jQAz+d/hMUhGEejuFCOsmTOeWLxRWoKUCFmTfS\ntL9BEbFog2GWIHa1tC1r2SHI+5t4Mnt0mb7JF+Oyl5iF7qbDb3ZJosadxa3ATk3P\n3deIyFvv61NMWklWWwk/O0yVya4U0XgRAoIBAQC5WPFSBGSq2hpEAHe7BNGf6IVb\nKMCu1XEKknXGkWKlhV3ojciefj+sZM90mdk01q7RbBPE6aNAuHcv0R81t80sDiyh\ne+59ptD1popbAVM0msSPOKTh82s2RXe5TFSvWu9AAL5uzuGVu3GIXPqfXBxaVcqD\ntY+3qyM1MRx7friHQy2rVYkymVlabFfNdEglWosyMc5/e5JxyOsnNREoVVGEpqbo\nI+7W2+qm/uDWRxSploKJBhxHpOIUj33NMKJwCRs/TXf3rNFM95YfBGIP1kQAO6wg\nJ5BUnVEaT5Tc9dQ2rIQbX60cbbK1B0NAEx3ywIwea8PqRgrWkkfHz/p5ACmW\n-----END RSA PRIVATE KEY-----\n",
            "content_base64": null,
            "content_base64sha256": "5rO6fy3BgShZ2iKhp+BY82ST3uZ3DPbFYrSnRYfbAgg=",
            "content_base64sha512": "yKdjidSyc6hqJB3DsuMXCMp5J2Sf3nIOaGdByvPQdPnOEiq8o44azW5zq6j5LKoXNB24ZtrLHJImVG5yAeckzw==",
            "content_md5": "6d3f38013e4abb7ed727d06e6d620cbd",
            "content_sha1": "e2ba904ee9150f2169e2dda11fe3016787cb7b23",
            "content_sha256": "e6b3ba7f2dc1812859da22a1a7e058f36493dee6770cf6c562b4a74587db0208",
            "content_sha512": "c8a76389d4b273a86a241dc3b2e31708ca7927649fde720e686741caf3d074f9ce122abca38e1acd6e73aba8f92caa17341db866dacb1c9226546e7201e724cf",
            "directory_permission": "0777",
            "file_permission": "0600",
            "filename": "./deployer-key.pem",
            "id": "e2ba904ee9150f2169e2dda11fe3016787cb7b23",
            "sensitive_content": null,
            "source": null
          },
          "sensitive_attributes": [
            [
              {
                "type": "get_attr",
                "value": "content"
              }
            ],
            [
              {
                "type": "get_attr",
                "value": "sensitive_content"
              }
            ]
          ],
          "identity_schema_version": 0,
          "dependencies": [
            "tls_private_key.key"
          ]
        }
      ]
    },
    {
      "mode": "managed",
      "type": "tls_private_key",
      "name": "key",
      "provider": "provider[\"registry.terraform.io/hashicorp/tls\"]",
      "instances": [
        {
          "schema_version": 1,
          "attributes": {
            "algorithm": "RSA",
            "ecdsa_curve": "P224",
            "id": "d6c6cecf51001f90c6b6e45a3647d22b8a5ce8cf",
            "private_key_openssh": "-----BEGIN OPENSSH PRIVATE KEY-----\nb3BlbnNzaC1rZXktdjEAAAAABG5vbmUAAAAEbm9uZQAAAAAAAAABAAACFwAAAAdz\nc2gtcnNhAAAAAwEAAQAAAgEAyeDnJKyivDhBm6EDtz/Auf6M6oQUhgN80ivXmFE3\nYOH1f9LDsQwAwCCYkvYl7pq520ThiD03cl6K8sLOchcBLWMxuDPaBqo7hObVPjqg\nviBrfSD6nZj56F5BaZXiY0y0FwTPJ3BKLaHEFPKCkN7TTGDBO7L3UbcXUiPV77Gp\nuWgXFGA9iHzfL4jXk3KQpceXUXnLqMSg3ZuP3XRFyFZrDHe4fLUdwh1kJZFG3y5c\n8AuAVhegabgdRSlCHw5nyVmZy74W7n31ePwKn4VIJLbEZK7p13KLPJeaM2QLrABB\nuLqJWg4pQ42rT/oKAiQe6BYh/XKR1HfZlJbCX8Ye8OtG9VaeFXlA9co/aVtpuPhC\nqXjC8jDTbRaEFRm2DSuy9NP2JHpJNk1PZe3cARrY++Nc3KlZxcLNprqN+tgzJ0FF\nG1/Bmv9MvGfMUH9mNm8sOpycf7FYn4M/tV2+THhs2BcXgM1Xl1dGI15S/04b7k89\nlFf1ZE9K2Mf4ThABB6FYHybFMI8j8vehxX9CMc5kGmKupxeGLd+sghaYA7cprhVt\n6nTfSOlCReEUAC+GzlYOQjUJ/fO910KlX2Ni7ZSqOI3Puu36FG0aUCOFEpJK3lhr\nAa+b/SwPPj0uKjww9ShHGP9SC5w9H2xhjqUSfHKoP5IrrvzC0NyNRZR3NdR8zrpg\nxv0AAAc4O/ndeDv53XgAAAAHc3NoLXJzYQAAAgEAyeDnJKyivDhBm6EDtz/Auf6M\n6oQUhgN80ivXmFE3YOH1f9LDsQwAwCCYkvYl7pq520ThiD03cl6K8sLOchcBLWMx\nuDPaBqo7hObVPjqgviBrfSD6nZj56F5BaZXiY0y0FwTPJ3BKLaHEFPKCkN7TTGDB\nO7L3UbcXUiPV77GpuWgXFGA9iHzfL4jXk3KQpceXUXnLqMSg3ZuP3XRFyFZrDHe4\nfLUdwh1kJZFG3y5c8AuAVhegabgdRSlCHw5nyVmZy74W7n31ePwKn4VIJLbEZK7p\n13KLPJeaM2QLrABBuLqJWg4pQ42rT/oKAiQe6BYh/XKR1HfZlJbCX8Ye8OtG9Vae\nFXlA9co/aVtpuPhCqXjC8jDTbRaEFRm2DSuy9NP2JHpJNk1PZe3cARrY++Nc3KlZ\nxcLNprqN+tgzJ0FFG1/Bmv9MvGfMUH9mNm8sOpycf7FYn4M/tV2+THhs2BcXgM1X\nl1dGI15S/04b7k89lFf1ZE9K2Mf4ThABB6FYHybFMI8j8vehxX9CMc5kGmKupxeG\nLd+sghaYA7cprhVt6nTfSOlCReEUAC+GzlYOQjUJ/fO910KlX2Ni7ZSqOI3Puu36\nFG0aUCOFEpJK3lhrAa+b/SwPPj0uKjww9ShHGP9SC5w9H2xhjqUSfHKoP5IrrvzC\n0NyNRZR3NdR8zrpgxv0AAAADAQABAAACAAJnj/k+dFwpKcbjxRQpFm+T5s1h41vk\neleHUPSuF8QrDNSH7lX5uAYragXRS4rEnWzm+VS5F4otZbRJU7iSKfmgOKOVooXG\nM01JWCx6+eOQP7Ebp0CHTCEgNkelEskIZqch77tSU0ZCqsyhEtZAGsr9gAlPZjJU\nxVqKG+5t8rQtpDciHYZQDnLiscak0uPWm8IxrcmF0tcXSkBiz434t++yR8IPs808\nsmISkYIinqLEg4CcnKGFuuHrzhWdA0/a2ShPGR2gGUAzdSDvSN7lemaRZ5TUXXCZ\nHnh5B/z1ewYedEWPugTlXa8z+2u8Ts3u4MEqQy7OFD5fCVOnG9xv9CyXsvMvrJgE\nCANwoOKDKUDOpd93NkuSTidBTDo50h1SI9rQzVR8VD4HjioSk5pTN7gnXYsXVIS6\neAsT+IJO6GHSa2PUCAzZLg4MrY8wFGMJZ3Rcc3s9ozLgSH/EfhVb2z0nbnE8hubW\nbiEqC49oNzVnLjmVkC6ukdOefZZNsVWbLAq6sjqIuPiW8jXA5Y6vbKTH7Eb6hYwr\nmKRhiTC/BJV9GjozROKX/h7CMMPFyXC34kdQu42n75smsrVgrEuudy/vQgzrj3gi\nYZKvc9oYy2XhijEVuNi4cMRWe7qhhkadn/nkJQrTfJLbdGxgF3Or13x9bLTh4npW\nwWi2P3IqBkbhAAABAQC5WPFSBGSq2hpEAHe7BNGf6IVbKMCu1XEKknXGkWKlhV3o\njciefj+sZM90mdk01q7RbBPE6aNAuHcv0R81t80sDiyhe+59ptD1popbAVM0msSP\nOKTh82s2RXe5TFSvWu9AAL5uzuGVu3GIXPqfXBxaVcqDtY+3qyM1MRx7friHQy2r\nVYkymVlabFfNdEglWosyMc5/e5JxyOsnNREoVVGEpqboI+7W2+qm/uDWRxSploKJ\nBhxHpOIUj33NMKJwCRs/TXf3rNFM95YfBGIP1kQAO6wgJ5BUnVEaT5Tc9dQ2rIQb\nX60cbbK1B0NAEx3ywIwea8PqRgrWkkfHz/p5ACmWAAABAQDeA0CxmS34mG+HUUK2\nExRtOG4va9FWWJoCTjolfeh+zSjoNgFtwfrs92qbc8tiiOaKQ9jz8iR0FxA1mn3F\ni1ed0lUqevtrAWd+enn1w2Q7wwpF6SIaae6lw2+en4WztfR27N6rzqycchywosKx\nY9qimrEaSVlNl3N4rXZQaoNz+v1qTWd6d/+bBdM/u2GOuTLIsXEKmRkGHgGmriVd\nnF42qUt9ZYETJwL8RhIXM6KLoi946YlvZ6v+guU4ZwvIyuTwqVtcuxbrn5GIOLfE\n59UJ1wrJLUhq6u1XSVvEq+fsqnRKLwE7JYQrPiXaQNvb6tYsgk/t/DeJabSyaUSs\n7f8VAAABAQDoyJXe4YlNixOXg7jRYaNgUsq/9UoXGhzBY6bM5o4vICR7AUWDjW57\nBkrTU5Pui+MBvBzta2U5BxoePSMl+BlJgafAQ4b+249+lufysd39YluK1uVlrHuG\nZs7h+/CcxgePJ2c3ZEHp5kP1t6k7ABb7VIvKf2rEZP1hmxA1K8Fxk7nz69oVGiAr\n3GCvz8EZLh9x1lgV502qeqvita+cSx4nWOp/57Oo5TMlHEdx0EqdmafX4Tqkt4oa\nedFWAdyQp7J9e/RJ5fsnM4j3qRdYDmX+fVBXGU4DGVUlbIOHpWC5Y3hSeHMnyiDm\nBwem9L/WA1hqlnUxrcaapcibse/CqWJJAAAAAAEC\n-----END OPENSSH PRIVATE KEY-----\n",
            "private_key_pem": "-----BEGIN RSA PRIVATE KEY-----\nMIIJKQIBAAKCAgEAyeDnJKyivDhBm6EDtz/Auf6M6oQUhgN80ivXmFE3YOH1f9LD\nsQwAwCCYkvYl7pq520ThiD03cl6K8sLOchcBLWMxuDPaBqo7hObVPjqgviBrfSD6\nnZj56F5BaZXiY0y0FwTPJ3BKLaHEFPKCkN7TTGDBO7L3UbcXUiPV77GpuWgXFGA9\niHzfL4jXk3KQpceXUXnLqMSg3ZuP3XRFyFZrDHe4fLUdwh1kJZFG3y5c8AuAVheg\nabgdRSlCHw5nyVmZy74W7n31ePwKn4VIJLbEZK7p13KLPJeaM2QLrABBuLqJWg4p\nQ42rT/oKAiQe6BYh/XKR1HfZlJbCX8Ye8OtG9VaeFXlA9co/aVtpuPhCqXjC8jDT\nbRaEFRm2DSuy9NP2JHpJNk1PZe3cARrY++Nc3KlZxcLNprqN+tgzJ0FFG1/Bmv9M\nvGfMUH9mNm8sOpycf7FYn4M/tV2+THhs2BcXgM1Xl1dGI15S/04b7k89lFf1ZE9K\n2Mf4ThABB6FYHybFMI8j8vehxX9CMc5kGmKupxeGLd+sghaYA7cprhVt6nTfSOlC\nReEUAC+GzlYOQjUJ/fO910KlX2Ni7ZSqOI3Puu36FG0aUCOFEpJK3lhrAa+b/SwP\nPj0uKjww9ShHGP9SC5w9H2xhjqUSfHKoP5IrrvzC0NyNRZR3NdR8zrpgxv0CAwEA\nAQKCAgACZ4/5PnRcKSnG48UUKRZvk+bNYeNb5HpXh1D0rhfEKwzUh+5V+bgGK2oF\n0UuKxJ1s5vlUuReKLWW0SVO4kin5oDijlaKFxjNNSVgsevnjkD+xG6dAh0whIDZH\npRLJCGanIe+7UlNGQqrMoRLWQBrK/YAJT2YyVMVaihvubfK0LaQ3Ih2GUA5y4rHG\npNLj1pvCMa3JhdLXF0pAYs+N+LfvskfCD7PNPLJiEpGCIp6ixIOAnJyhhbrh684V\nnQNP2tkoTxkdoBlAM3Ug70je5XpmkWeU1F1wmR54eQf89XsGHnRFj7oE5V2vM/tr\nvE7N7uDBKkMuzhQ+XwlTpxvcb/Qsl7LzL6yYBAgDcKDigylAzqXfdzZLkk4nQUw6\nOdIdUiPa0M1UfFQ+B44qEpOaUze4J12LF1SEungLE/iCTuhh0mtj1AgM2S4ODK2P\nMBRjCWd0XHN7PaMy4Eh/xH4VW9s9J25xPIbm1m4hKguPaDc1Zy45lZAurpHTnn2W\nTbFVmywKurI6iLj4lvI1wOWOr2ykx+xG+oWMK5ikYYkwvwSVfRo6M0Til/4ewjDD\nxclwt+JHULuNp++bJrK1YKxLrncv70IM6494ImGSr3PaGMtl4YoxFbjYuHDEVnu6\noYZGnZ/55CUK03yS23RsYBdzq9d8fWy04eJ6VsFotj9yKgZG4QKCAQEA3gNAsZkt\n+Jhvh1FCthMUbThuL2vRVliaAk46JX3ofs0o6DYBbcH67Pdqm3PLYojmikPY8/Ik\ndBcQNZp9xYtXndJVKnr7awFnfnp59cNkO8MKRekiGmnupcNvnp+Fs7X0duzeq86s\nnHIcsKLCsWPaopqxGklZTZdzeK12UGqDc/r9ak1nenf/mwXTP7thjrkyyLFxCpkZ\nBh4Bpq4lXZxeNqlLfWWBEycC/EYSFzOii6IveOmJb2er/oLlOGcLyMrk8KlbXLsW\n65+RiDi3xOfVCdcKyS1IaurtV0lbxKvn7Kp0Si8BOyWEKz4l2kDb2+rWLIJP7fw3\niWm0smlErO3/FQKCAQEA6MiV3uGJTYsTl4O40WGjYFLKv/VKFxocwWOmzOaOLyAk\newFFg41uewZK01OT7ovjAbwc7WtlOQcaHj0jJfgZSYGnwEOG/tuPfpbn8rHd/WJb\nitblZax7hmbO4fvwnMYHjydnN2RB6eZD9bepOwAW+1SLyn9qxGT9YZsQNSvBcZO5\n8+vaFRogK9xgr8/BGS4fcdZYFedNqnqr4rWvnEseJ1jqf+ezqOUzJRxHcdBKnZmn\n1+E6pLeKGnnRVgHckKeyfXv0SeX7JzOI96kXWA5l/n1QVxlOAxlVJWyDh6VguWN4\nUnhzJ8og5gcHpvS/1gNYapZ1Ma3GmqXIm7HvwqliSQKCAQBRoX6LDpiRnHL9nUpb\nKh7LngEdnJYnGoLeMCc/G9F9ti/BWgIiej2qHbrsF6KDw3SJCDNgVvtCWCyUmQ5/\nsSFxHSJFcVy6VpTYM25eiA51ztwbIoJwldyyxG5pM5x0nIWbqLKjF2XuTCLya5YM\npXuBaEGQOcIFPpetmpIzNUbKQVImYPmYVUD9niGzgFF5qezbUCsRS4Og9S2EPOnu\nRo15qbvhCo5wHVsCqT0DnO+6SdMMsUngVY0vEq/3kiQKG1gciRjXus7NqilXngsr\n8lYpvRDxMZ47+c901btRUCgBpBcII8pfFgdH4x0F5+0vKmS/jtaW2bMN6nkPVJd0\nwjmVAoIBAQDOXFOQHDxOA8bAgMMsyvO8hmi6t0aRKFLpld/esVzGpiXw7XWkY5LX\neQKISQVRaa06cnrqdlRrs8IRoH0yQbiZE1mU9cgM0rNos3q4CboT0Ef60vrVoYx3\n31fzuhbZxCwbWgEEd9p+8eS5RbG+XhwBfjfWshICPMzq5D4ABOQePamRdToFjv2K\nJHmKIhC6s8qobi30bPLK+Ki79/jQAz+d/hMUhGEejuFCOsmTOeWLxRWoKUCFmTfS\ntL9BEbFog2GWIHa1tC1r2SHI+5t4Mnt0mb7JF+Oyl5iF7qbDb3ZJosadxa3ATk3P\n3deIyFvv61NMWklWWwk/O0yVya4U0XgRAoIBAQC5WPFSBGSq2hpEAHe7BNGf6IVb\nKMCu1XEKknXGkWKlhV3ojciefj+sZM90mdk01q7RbBPE6aNAuHcv0R81t80sDiyh\ne+59ptD1popbAVM0msSPOKTh82s2RXe5TFSvWu9AAL5uzuGVu3GIXPqfXBxaVcqD\ntY+3qyM1MRx7friHQy2rVYkymVlabFfNdEglWosyMc5/e5JxyOsnNREoVVGEpqbo\nI+7W2+qm/uDWRxSploKJBhxHpOIUj33NMKJwCRs/TXf3rNFM95YfBGIP1kQAO6wg\nJ5BUnVEaT5Tc9dQ2rIQbX60cbbK1B0NAEx3ywIwea8PqRgrWkkfHz/p5ACmW\n-----END RSA PRIVATE KEY-----\n",
            "private_key_pem_pkcs8": "-----BEGIN PRIVATE KEY-----\nMIIJQwIBADANBgkqhkiG9w0BAQEFAASCCS0wggkpAgEAAoICAQDJ4OckrKK8OEGb\noQO3P8C5/ozqhBSGA3zSK9eYUTdg4fV/0sOxDADAIJiS9iXumrnbROGIPTdyXory\nws5yFwEtYzG4M9oGqjuE5tU+OqC+IGt9IPqdmPnoXkFpleJjTLQXBM8ncEotocQU\n8oKQ3tNMYME7svdRtxdSI9Xvsam5aBcUYD2IfN8viNeTcpClx5dRecuoxKDdm4/d\ndEXIVmsMd7h8tR3CHWQlkUbfLlzwC4BWF6BpuB1FKUIfDmfJWZnLvhbuffV4/Aqf\nhUgktsRkrunXcos8l5ozZAusAEG4uolaDilDjatP+goCJB7oFiH9cpHUd9mUlsJf\nxh7w60b1Vp4VeUD1yj9pW2m4+EKpeMLyMNNtFoQVGbYNK7L00/Ykekk2TU9l7dwB\nGtj741zcqVnFws2muo362DMnQUUbX8Ga/0y8Z8xQf2Y2byw6nJx/sVifgz+1Xb5M\neGzYFxeAzVeXV0YjXlL/ThvuTz2UV/VkT0rYx/hOEAEHoVgfJsUwjyPy96HFf0Ix\nzmQaYq6nF4Yt36yCFpgDtymuFW3qdN9I6UJF4RQAL4bOVg5CNQn9873XQqVfY2Lt\nlKo4jc+67foUbRpQI4USkkreWGsBr5v9LA8+PS4qPDD1KEcY/1ILnD0fbGGOpRJ8\ncqg/kiuu/MLQ3I1FlHc11HzOumDG/QIDAQABAoICAAJnj/k+dFwpKcbjxRQpFm+T\n5s1h41vkeleHUPSuF8QrDNSH7lX5uAYragXRS4rEnWzm+VS5F4otZbRJU7iSKfmg\nOKOVooXGM01JWCx6+eOQP7Ebp0CHTCEgNkelEskIZqch77tSU0ZCqsyhEtZAGsr9\ngAlPZjJUxVqKG+5t8rQtpDciHYZQDnLiscak0uPWm8IxrcmF0tcXSkBiz434t++y\nR8IPs808smISkYIinqLEg4CcnKGFuuHrzhWdA0/a2ShPGR2gGUAzdSDvSN7lemaR\nZ5TUXXCZHnh5B/z1ewYedEWPugTlXa8z+2u8Ts3u4MEqQy7OFD5fCVOnG9xv9CyX\nsvMvrJgECANwoOKDKUDOpd93NkuSTidBTDo50h1SI9rQzVR8VD4HjioSk5pTN7gn\nXYsXVIS6eAsT+IJO6GHSa2PUCAzZLg4MrY8wFGMJZ3Rcc3s9ozLgSH/EfhVb2z0n\nbnE8hubWbiEqC49oNzVnLjmVkC6ukdOefZZNsVWbLAq6sjqIuPiW8jXA5Y6vbKTH\n7Eb6hYwrmKRhiTC/BJV9GjozROKX/h7CMMPFyXC34kdQu42n75smsrVgrEuudy/v\nQgzrj3giYZKvc9oYy2XhijEVuNi4cMRWe7qhhkadn/nkJQrTfJLbdGxgF3Or13x9\nbLTh4npWwWi2P3IqBkbhAoIBAQDeA0CxmS34mG+HUUK2ExRtOG4va9FWWJoCTjol\nfeh+zSjoNgFtwfrs92qbc8tiiOaKQ9jz8iR0FxA1mn3Fi1ed0lUqevtrAWd+enn1\nw2Q7wwpF6SIaae6lw2+en4WztfR27N6rzqycchywosKxY9qimrEaSVlNl3N4rXZQ\naoNz+v1qTWd6d/+bBdM/u2GOuTLIsXEKmRkGHgGmriVdnF42qUt9ZYETJwL8RhIX\nM6KLoi946YlvZ6v+guU4ZwvIyuTwqVtcuxbrn5GIOLfE59UJ1wrJLUhq6u1XSVvE\nq+fsqnRKLwE7JYQrPiXaQNvb6tYsgk/t/DeJabSyaUSs7f8VAoIBAQDoyJXe4YlN\nixOXg7jRYaNgUsq/9UoXGhzBY6bM5o4vICR7AUWDjW57BkrTU5Pui+MBvBzta2U5\nBxoePSMl+BlJgafAQ4b+249+lufysd39YluK1uVlrHuGZs7h+/CcxgePJ2c3ZEHp\n5kP1t6k7ABb7VIvKf2rEZP1hmxA1K8Fxk7nz69oVGiAr3GCvz8EZLh9x1lgV502q\neqvita+cSx4nWOp/57Oo5TMlHEdx0EqdmafX4Tqkt4oaedFWAdyQp7J9e/RJ5fsn\nM4j3qRdYDmX+fVBXGU4DGVUlbIOHpWC5Y3hSeHMnyiDmBwem9L/WA1hqlnUxrcaa\npcibse/CqWJJAoIBAFGhfosOmJGccv2dSlsqHsueAR2clicagt4wJz8b0X22L8Fa\nAiJ6PaoduuwXooPDdIkIM2BW+0JYLJSZDn+xIXEdIkVxXLpWlNgzbl6IDnXO3Bsi\ngnCV3LLEbmkznHSchZuosqMXZe5MIvJrlgyle4FoQZA5wgU+l62akjM1RspBUiZg\n+ZhVQP2eIbOAUXmp7NtQKxFLg6D1LYQ86e5GjXmpu+EKjnAdWwKpPQOc77pJ0wyx\nSeBVjS8Sr/eSJAobWByJGNe6zs2qKVeeCyvyVim9EPExnjv5z3TVu1FQKAGkFwgj\nyl8WB0fjHQXn7S8qZL+O1pbZsw3qeQ9Ul3TCOZUCggEBAM5cU5AcPE4DxsCAwyzK\n87yGaLq3RpEoUumV396xXMamJfDtdaRjktd5AohJBVFprTpyeup2VGuzwhGgfTJB\nuJkTWZT1yAzSs2izergJuhPQR/rS+tWhjHffV/O6FtnELBtaAQR32n7x5LlFsb5e\nHAF+N9ayEgI8zOrkPgAE5B49qZF1OgWO/YokeYoiELqzyqhuLfRs8sr4qLv3+NAD\nP53+ExSEYR6O4UI6yZM55YvFFagpQIWZN9K0v0ERsWiDYZYgdrW0LWvZIcj7m3gy\ne3SZvskX47KXmIXupsNvdkmixp3FrcBOTc/d14jIW+/rU0xaSVZbCT87TJXJrhTR\neBECggEBALlY8VIEZKraGkQAd7sE0Z/ohVsowK7VcQqSdcaRYqWFXeiNyJ5+P6xk\nz3SZ2TTWrtFsE8Tpo0C4dy/RHzW3zSwOLKF77n2m0PWmilsBUzSaxI84pOHzazZF\nd7lMVK9a70AAvm7O4ZW7cYhc+p9cHFpVyoO1j7erIzUxHHt+uIdDLatViTKZWVps\nV810SCVaizIxzn97knHI6yc1EShVUYSmpugj7tbb6qb+4NZHFKmWgokGHEek4hSP\nfc0wonAJGz9Nd/es0Uz3lh8EYg/WRAA7rCAnkFSdURpPlNz11DashBtfrRxtsrUH\nQ0ATHfLAjB5rw+pGCtaSR8fP+nkAKZY=\n-----END PRIVATE KEY-----\n",
            "public_key_fingerprint_md5": "96:84:13:9d:05:9c:c9:5b:12:64:87:e7:3f:af:ff:71",
            "public_key_fingerprint_sha256": "SHA256:ZjsTUKVQRS1hT1sa0Ab7O/nY4RZdp2OmJoN98wAM9x4",
            "public_key_openssh": "ssh-rsa AAAAB3NzaC1yc2EAAAADAQABAAACAQDJ4OckrKK8OEGboQO3P8C5/ozqhBSGA3zSK9eYUTdg4fV/0sOxDADAIJiS9iXumrnbROGIPTdyXoryws5yFwEtYzG4M9oGqjuE5tU+OqC+IGt9IPqdmPnoXkFpleJjTLQXBM8ncEotocQU8oKQ3tNMYME7svdRtxdSI9Xvsam5aBcUYD2IfN8viNeTcpClx5dRecuoxKDdm4/ddEXIVmsMd7h8tR3CHWQlkUbfLlzwC4BWF6BpuB1FKUIfDmfJWZnLvhbuffV4/AqfhUgktsRkrunXcos8l5ozZAusAEG4uolaDilDjatP+goCJB7oFiH9cpHUd9mUlsJfxh7w60b1Vp4VeUD1yj9pW2m4+EKpeMLyMNNtFoQVGbYNK7L00/Ykekk2TU9l7dwBGtj741zcqVnFws2muo362DMnQUUbX8Ga/0y8Z8xQf2Y2byw6nJx/sVifgz+1Xb5MeGzYFxeAzVeXV0YjXlL/ThvuTz2UV/VkT0rYx/hOEAEHoVgfJsUwjyPy96HFf0IxzmQaYq6nF4Yt36yCFpgDtymuFW3qdN9I6UJF4RQAL4bOVg5CNQn9873XQqVfY2LtlKo4jc+67foUbRpQI4USkkreWGsBr5v9LA8+PS4qPDD1KEcY/1ILnD0fbGGOpRJ8cqg/kiuu/MLQ3I1FlHc11HzOumDG/Q==\n",
            "public_key_pem": "-----BEGIN PUBLIC KEY-----\nMIICIjANBgkqhkiG9w0BAQEFAAOCAg8AMIICCgKCAgEAyeDnJKyivDhBm6EDtz/A\nuf6M6oQUhgN80ivXmFE3YOH1f9LDsQwAwCCYkvYl7pq520ThiD03cl6K8sLOchcB\nLWMxuDPaBqo7hObVPjqgviBrfSD6nZj56F5BaZXiY0y0FwTPJ3BKLaHEFPKCkN7T\nTGDBO7L3UbcXUiPV77GpuWgXFGA9iHzfL4jXk3KQpceXUXnLqMSg3ZuP3XRFyFZr\nDHe4fLUdwh1kJZFG3y5c8AuAVhegabgdRSlCHw5nyVmZy74W7n31ePwKn4VIJLbE\nZK7p13KLPJeaM2QLrABBuLqJWg4pQ42rT/oKAiQe6BYh/XKR1HfZlJbCX8Ye8OtG\n9VaeFXlA9co/aVtpuPhCqXjC8jDTbRaEFRm2DSuy9NP2JHpJNk1PZe3cARrY++Nc\n3KlZxcLNprqN+tgzJ0FFG1/Bmv9MvGfMUH9mNm8sOpycf7FYn4M/tV2+THhs2BcX\ngM1Xl1dGI15S/04b7k89lFf1ZE9K2Mf4ThABB6FYHybFMI8j8vehxX9CMc5kGmKu\npxeGLd+sghaYA7cprhVt6nTfSOlCReEUAC+GzlYOQjUJ/fO910KlX2Ni7ZSqOI3P\nuu36FG0aUCOFEpJK3lhrAa+b/SwPPj0uKjww9ShHGP9SC5w9H2xhjqUSfHKoP5Ir\nrvzC0NyNRZR3NdR8zrpgxv0CAwEAAQ==\n-----END PUBLIC KEY-----\n",
            "rsa_bits": 4096
          },
          "sensitive_attributes": [
            [
              {
                "type": "get_attr",
                "value": "private_key_openssh"
              }
            ],
            [
              {
                "type": "get_attr",
                "value": "private_key_pem"
              }
            ],
            [
              {
                "type": "get_attr",
                "value": "private_key_pem_pkcs8"
              }
            ]
          ],
          "identity_schema_version": 0
        }
      ]
    }
  ],
  "check_results": [
    {
      "object_kind": "var",
      "config_addr": "var.machines",
      "status": "pass",
      "objects": [
        {
          "object_addr": "var.machines",
          "status": "pass"
        }
      ]
    }
  ]
}
